// !$*UTF8*$!
{
	archiveVersion = 1;
	classes = {
	};
	objectVersion = 48;
	objects = {

/* Begin PBXBuildFile section */
		F3668176206245F30027C4BF /* AppDelegate.swift in Sources */ = {isa = PBXBuildFile; fileRef = F3668175206245F30027C4BF /* AppDelegate.swift */; };
		F3668178206245F30027C4BF /* ViewController.swift in Sources */ = {isa = PBXBuildFile; fileRef = F3668177206245F30027C4BF /* ViewController.swift */; };
		F366817B206245F30027C4BF /* Main.storyboard in Resources */ = {isa = PBXBuildFile; fileRef = F3668179206245F30027C4BF /* Main.storyboard */; };
		F366817D206245F30027C4BF /* Assets.xcassets in Resources */ = {isa = PBXBuildFile; fileRef = F366817C206245F30027C4BF /* Assets.xcassets */; };
		F3668180206245F30027C4BF /* LaunchScreen.storyboard in Resources */ = {isa = PBXBuildFile; fileRef = F366817E206245F30027C4BF /* LaunchScreen.storyboard */; };
		F3668188206246100027C4BF /* HHBleManger.swift in Sources */ = {isa = PBXBuildFile; fileRef = F3668187206246100027C4BF /* HHBleManger.swift */; };
/* End PBXBuildFile section */

/* Begin PBXFileReference section */
		F3668172206245F30027C4BF /* HHBleManger.app */ = {isa = PBXFileReference; explicitFileType = wrapper.application; includeInIndex = 0; path = HHBleManger.app; sourceTree = BUILT_PRODUCTS_DIR; };
		F3668175206245F30027C4BF /* AppDelegate.swift */ = {isa = PBXFileReference; lastKnownFileType = sourcecode.swift; path = AppDelegate.swift; sourceTree = "<group>"; };
		F3668177206245F30027C4BF /* ViewController.swift */ = {isa = PBXFileReference; lastKnownFileType = sourcecode.swift; path = ViewController.swift; sourceTree = "<group>"; };
		F366817A206245F30027C4BF /* Base */ = {isa = PBXFileReference; lastKnownFileType = file.storyboard; name = Base; path = Base.lproj/Main.storyboard; sourceTree = "<group>"; };
		F366817C206245F30027C4BF /* Assets.xcassets */ = {isa = PBXFileReference; lastKnownFileType = folder.assetcatalog; path = Assets.xcassets; sourceTree = "<group>"; };
		F366817F206245F30027C4BF /* Base */ = {isa = PBXFileReference; lastKnownFileType = file.storyboard; name = Base; path = Base.lproj/LaunchScreen.storyboard; sourceTree = "<group>"; };
		F3668181206245F30027C4BF /* Info.plist */ = {isa = PBXFileReference; lastKnownFileType = text.plist.xml; path = Info.plist; sourceTree = "<group>"; };
		F3668187206246100027C4BF /* HHBleManger.swift */ = {isa = PBXFileReference; lastKnownFileType = sourcecode.swift; path = HHBleManger.swift; sourceTree = "<group>"; };
/* End PBXFileReference section */

/* Begin PBXFrameworksBuildPhase section */
		F366816F206245F30027C4BF /* Frameworks */ = {
			isa = PBXFrameworksBuildPhase;
			buildActionMask = 2147483647;
			files = (
			);
			runOnlyForDeploymentPostprocessing = 0;
		};
/* End PBXFrameworksBuildPhase section */

/* Begin PBXGroup section */
		F3668169206245F30027C4BF = {
			isa = PBXGroup;
			children = (
				F3668174206245F30027C4BF /* HHBleManger */,
				F3668173206245F30027C4BF /* Products */,
			);
			sourceTree = "<group>";
		};
		F3668173206245F30027C4BF /* Products */ = {
			isa = PBXGroup;
			children = (
				F3668172206245F30027C4BF /* HHBleManger.app */,
			);
			name = Products;
			sourceTree = "<group>";
		};
		F3668174206245F30027C4BF /* HHBleManger */ = {
			isa = PBXGroup;
			children = (
				F3668175206245F30027C4BF /* AppDelegate.swift */,
				F3668177206245F30027C4BF /* ViewController.swift */,
				F3668187206246100027C4BF /* HHBleManger.swift */,
				F3668179206245F30027C4BF /* Main.storyboard */,
				F366817C206245F30027C4BF /* Assets.xcassets */,
				F366817E206245F30027C4BF /* LaunchScreen.storyboard */,
				F3668181206245F30027C4BF /* Info.plist */,
			);
			path = HHBleManger;
			sourceTree = "<group>";
		};
/* End PBXGroup section */

/* Begin PBXNativeTarget section */
		F3668171206245F30027C4BF /* HHBleManger */ = {
			isa = PBXNativeTarget;
			buildConfigurationList = F3668184206245F30027C4BF /* Build configuration list for PBXNativeTarget "HHBleManger" */;
			buildPhases = (
				F366816E206245F30027C4BF /* Sources */,
				F366816F206245F30027C4BF /* Frameworks */,
				F3668170206245F30027C4BF /* Resources */,
			);
			buildRules = (
			);
			dependencies = (
			);
			name = HHBleManger;
			productName = HHBleManger;
			productReference = F3668172206245F30027C4BF /* HHBleManger.app */;
			productType = "com.apple.product-type.application";
		};
/* End PBXNativeTarget section */

/* Begin PBXProject section */
		F366816A206245F30027C4BF /* Project object */ = {
			isa = PBXProject;
			attributes = {
				LastSwiftUpdateCheck = 0920;
				LastUpgradeCheck = 0920;
				ORGANIZATIONNAME = Sweet;
				TargetAttributes = {
					F3668171206245F30027C4BF = {
						CreatedOnToolsVersion = 9.2;
						ProvisioningStyle = Automatic;
					};
				};
			};
			buildConfigurationList = F366816D206245F30027C4BF /* Build configuration list for PBXProject "HHBleManger" */;
			compatibilityVersion = "Xcode 8.0";
			developmentRegion = en;
			hasScannedForEncodings = 0;
			knownRegions = (
				en,
				Base,
			);
			mainGroup = F3668169206245F30027C4BF;
			productRefGroup = F3668173206245F30027C4BF /* Products */;
			projectDirPath = "";
			projectRoot = "";
			targets = (
				F3668171206245F30027C4BF /* HHBleManger */,
			);
		};
/* End PBXProject section */

/* Begin PBXResourcesBuildPhase section */
		F3668170206245F30027C4BF /* Resources */ = {
			isa = PBXResourcesBuildPhase;
			buildActionMask = 2147483647;
			files = (
				F3668180206245F30027C4BF /* LaunchScreen.storyboard in Resources */,
				F366817D206245F30027C4BF /* Assets.xcassets in Resources */,
				F366817B206245F30027C4BF /* Main.storyboard in Resources */,
			);
			runOnlyForDeploymentPostprocessing = 0;
		};
/* End PBXResourcesBuildPhase section */

/* Begin PBXSourcesBuildPhase section */
		F366816E206245F30027C4BF /* Sources */ = {
			isa = PBXSourcesBuildPhase;
			buildActionMask = 2147483647;
			files = (
				F3668178206245F30027C4BF /* ViewController.swift in Sources */,
				F3668176206245F30027C4BF /* AppDelegate.swift in Sources */,
				F3668188206246100027C4BF /* HHBleManger.swift in Sources */,
			);
			runOnlyForDeploymentPostprocessing = 0;
		};
/* End PBXSourcesBuildPhase section */

/* Begin PBXVariantGroup section */
		F3668179206245F30027C4BF /* Main.storyboard */ = {
			isa = PBXVariantGroup;
			children = (
				F366817A206245F30027C4BF /* Base */,
			);
			name = Main.storyboard;
			sourceTree = "<group>";
		};
		F366817E206245F30027C4BF /* LaunchScreen.storyboard */ = {
			isa = PBXVariantGroup;
			children = (
				F366817F206245F30027C4BF /* Base */,
			);
			name = LaunchScreen.storyboard;
			sourceTree = "<group>";
		};
/* End PBXVariantGroup section */

/* Begin XCBuildConfiguration section */
		F3668182206245F30027C4BF /* Debug */ = {
			isa = XCBuildConfiguration;
			buildSettings = {
				ALWAYS_SEARCH_USER_PATHS = NO;
				CLANG_ANALYZER_NONNULL = YES;
				CLANG_ANALYZER_NUMBER_OBJECT_CONVERSION = YES_AGGRESSIVE;
				CLANG_CXX_LANGUAGE_STANDARD = "gnu++14";
				CLANG_CXX_LIBRARY = "libc++";
				CLANG_ENABLE_MODULES = YES;
				CLANG_ENABLE_OBJC_ARC = YES;
				CLANG_WARN_BLOCK_CAPTURE_AUTORELEASING = YES;
				CLANG_WARN_BOOL_CONVERSION = YES;
				CLANG_WARN_COMMA = YES;
				CLANG_WARN_CONSTANT_CONVERSION = YES;
				CLANG_WARN_DIRECT_OBJC_ISA_USAGE = YES_ERROR;
				CLANG_WARN_DOCUMENTATION_COMMENTS = YES;
				CLANG_WARN_EMPTY_BODY = YES;
				CLANG_WARN_ENUM_CONVERSION = YES;
				CLANG_WARN_INFINITE_RECURSION = YES;
				CLANG_WARN_INT_CONVERSION = YES;
				CLANG_WARN_NON_LITERAL_NULL_CONVERSION = YES;
				CLANG_WARN_OBJC_LITERAL_CONVERSION = YES;
				CLANG_WARN_OBJC_ROOT_CLASS = YES_ERROR;
				CLANG_WARN_RANGE_LOOP_ANALYSIS = YES;
				CLANG_WARN_STRICT_PROTOTYPES = YES;
				CLANG_WARN_SUSPICIOUS_MOVE = YES;
				CLANG_WARN_UNGUARDED_AVAILABILITY = YES_AGGRESSIVE;
				CLANG_WARN_UNREACHABLE_CODE = YES;
				CLANG_WARN__DUPLICATE_METHOD_MATCH = YES;
				CODE_SIGN_IDENTITY = "iPhone Developer";
				COPY_PHASE_STRIP = NO;
				DEBUG_INFORMATION_FORMAT = dwarf;
				ENABLE_STRICT_OBJC_MSGSEND = YES;
				ENABLE_TESTABILITY = YES;
				GCC_C_LANGUAGE_STANDARD = gnu11;
				GCC_DYNAMIC_NO_PIC = NO;
				GCC_NO_COMMON_BLOCKS = YES;
				GCC_OPTIMIZATION_LEVEL = 0;
				GCC_PREPROCESSOR_DEFINITIONS = (
					"DEBUG=1",
					"$(inherited)",
				);
				GCC_WARN_64_TO_32_BIT_CONVERSION = YES;
				GCC_WARN_ABOUT_RETURN_TYPE = YES_ERROR;
				GCC_WARN_UNDECLARED_SELECTOR = YES;
				GCC_WARN_UNINITIALIZED_AUTOS = YES_AGGRESSIVE;
				GCC_WARN_UNUSED_FUNCTION = YES;
				GCC_WARN_UNUSED_VARIABLE = YES;
				IPHONEOS_DEPLOYMENT_TARGET = 11.2;
				MTL_ENABLE_DEBUG_INFO = YES;
				ONLY_ACTIVE_ARCH = YES;
				SDKROOT = iphoneos;
				SWIFT_ACTIVE_COMPILATION_CONDITIONS = DEBUG;
				SWIFT_OPTIMIZATION_LEVEL = "-Onone";
			};
			name = Debug;
		};
		F3668183206245F30027C4BF /* Release */ = {
			isa = XCBuildConfiguration;
			buildSettings = {
				ALWAYS_SEARCH_USER_PATHS = NO;
				CLANG_ANALYZER_NONNULL = YES;
				CLANG_ANALYZER_NUMBER_OBJECT_CONVERSION = YES_AGGRESSIVE;
				CLANG_CXX_LANGUAGE_STANDARD = "gnu++14";
				CLANG_CXX_LIBRARY = "libc++";
				CLANG_ENABLE_MODULES = YES;
				CLANG_ENABLE_OBJC_ARC = YES;
				CLANG_WARN_BLOCK_CAPTURE_AUTORELEASING = YES;
				CLANG_WARN_BOOL_CONVERSION = YES;
				CLANG_WARN_COMMA = YES;
				CLANG_WARN_CONSTANT_CONVERSION = YES;
				CLANG_WARN_DIRECT_OBJC_ISA_USAGE = YES_ERROR;
				CLANG_WARN_DOCUMENTATION_COMMENTS = YES;
				CLANG_WARN_EMPTY_BODY = YES;
				CLANG_WARN_ENUM_CONVERSION = YES;
				CLANG_WARN_INFINITE_RECURSION = YES;
				CLANG_WARN_INT_CONVERSION = YES;
				CLANG_WARN_NON_LITERAL_NULL_CONVERSION = YES;
				CLANG_WARN_OBJC_LITERAL_CONVERSION = YES;
				CLANG_WARN_OBJC_ROOT_CLASS = YES_ERROR;
				CLANG_WARN_RANGE_LOOP_ANALYSIS = YES;
				CLANG_WARN_STRICT_PROTOTYPES = YES;
				CLANG_WARN_SUSPICIOUS_MOVE = YES;
				CLANG_WARN_UNGUARDED_AVAILABILITY = YES_AGGRESSIVE;
				CLANG_WARN_UNREACHABLE_CODE = YES;
				CLANG_WARN__DUPLICATE_METHOD_MATCH = YES;
				CODE_SIGN_IDENTITY = "iPhone Developer";
				COPY_PHASE_STRIP = NO;
				DEBUG_INFORMATION_FORMAT = "dwarf-with-dsym";
				ENABLE_NS_ASSERTIONS = NO;
				ENABLE_STRICT_OBJC_MSGSEND = YES;
				GCC_C_LANGUAGE_STANDARD = gnu11;
				GCC_NO_COMMON_BLOCKS = YES;
				GCC_WARN_64_TO_32_BIT_CONVERSION = YES;
				GCC_WARN_ABOUT_RETURN_TYPE = YES_ERROR;
				GCC_WARN_UNDECLARED_SELECTOR = YES;
				GCC_WARN_UNINITIALIZED_AUTOS = YES_AGGRESSIVE;
				GCC_WARN_UNUSED_FUNCTION = YES;
				GCC_WARN_UNUSED_VARIABLE = YES;
				IPHONEOS_DEPLOYMENT_TARGET = 11.2;
				MTL_ENABLE_DEBUG_INFO = NO;
				SDKROOT = iphoneos;
				SWIFT_OPTIMIZATION_LEVEL = "-Owholemodule";
				VALIDATE_PRODUCT = YES;
			};
			name = Release;
		};
		F3668185206245F30027C4BF /* Debug */ = {
			isa = XCBuildConfiguration;
			buildSettings = {
				ASSETCATALOG_COMPILER_APPICON_NAME = AppIcon;
				CODE_SIGN_STYLE = Automatic;
				INFOPLIST_FILE = HHBleManger/Info.plist;
				LD_RUNPATH_SEARCH_PATHS = "$(inherited) @executable_path/Frameworks";
				PRODUCT_BUNDLE_IDENTIFIER = sweet.com.HHBleManger;
				PRODUCT_NAME = "$(TARGET_NAME)";
				SWIFT_VERSION = 4.0;
				TARGETED_DEVICE_FAMILY = "1,2";
			};
			name = Debug;
		};
		F3668186206245F30027C4BF /* Release */ = {
			isa = XCBuildConfiguration;
			buildSettings = {
				ASSETCATALOG_COMPILER_APPICON_NAME = AppIcon;
				CODE_SIGN_STYLE = Automatic;
				INFOPLIST_FILE = HHBleManger/Info.plist;
				LD_RUNPATH_SEARCH_PATHS = "$(inherited) @executable_path/Frameworks";
				PRODUCT_BUNDLE_IDENTIFIER = sweet.com.HHBleManger;
				PRODUCT_NAME = "$(TARGET_NAME)";
				SWIFT_VERSION = 4.0;
				TARGETED_DEVICE_FAMILY = "1,2";
			};
			name = Release;
		};
/* End XCBuildConfiguration section */

/* Begin XCConfigurationList section */
		F366816D206245F30027C4BF /* Build configuration list for PBXProject "HHBleManger" */ = {
			isa = XCConfigurationList;
			buildConfigurations = (
				F3668182206245F30027C4BF /* Debug */,
				F3668183206245F30027C4BF /* Release */,
			);
			defaultConfigurationIsVisible = 0;
			defaultConfigurationName = Release;
		};
		F3668184206245F30027C4BF /* Build configuration list for PBXNativeTarget "HHBleManger" */ = {
			isa = XCConfigurationList;
			buildConfigurations = (
				F3668185206245F30027C4BF /* Debug */,
				F3668186206245F30027C4BF /* Release */,
			);
			defaultConfigurationIsVisible = 0;
			defaultConfigurationName = Release;
		};
/* End XCConfigurationList section */
	};
	rootObject = F366816A206245F30027C4BF /* Project object */;
}
